
Microsoft Visual Studio Solution File, Format Version 12.00
# Visual Studio Version 17
VisualStudioVersion = 17.14.36603.0 d17.14
MinimumVisualStudioVersion = 10.0.40219.1
Project("{FAE04EC0-301F-11D3-BF4B-00C04F79EFBC}") = "BTH4_VoTanNha_24521225", "BTH4_VoTanNha_24521225\BTH4_VoTanNha_24521225.csproj", "{BB663609-09CA-4244-82D7-5A8BB9A40B53}"
EndProject
Global
	GlobalSection(SolutionConfigurationPlatforms) = preSolution
		Debug|Any CPU = Debug|Any CPU
		Release|Any CPU = Release|Any CPU
	EndGlobalSection
	GlobalSection(ProjectConfigurationPlatforms) = postSolution
		{BB663609-09CA-4244-82D7-5A8BB9A40B53}.Debug|Any CPU.ActiveCfg = Debug|Any CPU
		{BB663609-09CA-4244-82D7-5A8BB9A40B53}.Debug|Any CPU.Build.0 = Debug|Any CPU
		{BB663609-09CA-4244-82D7-5A8BB9A40B53}.Release|Any CPU.ActiveCfg = Release|Any CPU
		{BB663609-09CA-4244-82D7-5A8BB9A40B53}.Release|Any CPU.Build.0 = Release|Any CPU
	EndGlobalSection
	GlobalSection(SolutionProperties) = preSolution
		HideSolutionNode = FALSE
	EndGlobalSection
	GlobalSection(ExtensibilityGlobals) = postSolution
		SolutionGuid = {D918B55C-FDA2-4682-97B5-BE697889795F}
	EndGlobalSection
EndGlobal
